
Microsoft Visual Studio Solution File, Format Version 12.00
# Visual Studio Version 16
VisualStudioVersion = 16.0.30330.147
MinimumVisualStudioVersion = 10.0.40219.1
Project("{9A19103F-16F7-4668-BE54-9A1E7A4F7556}") = "Web", "Web\Web.csproj", "{97D4B0F2-3DB6-40AC-868C-D277E7AB9BAE}"
EndProject
Project("{FAE04EC0-301F-11D3-BF4B-00C04F79EFBC}") = "AccuWeather.Persistence", "AccuWeather.Persistence\AccuWeather.Persistence.csproj", "{0391026E-80A6-412F-9F28-75404F3435F5}"
EndProject
Global
	GlobalSection(SolutionConfigurationPlatforms) = preSolution
		Debug|Any CPU = Debug|Any CPU
		Release|Any CPU = Release|Any CPU
	EndGlobalSection
	GlobalSection(ProjectConfigurationPlatforms) = postSolution
		{97D4B0F2-3DB6-40AC-868C-D277E7AB9BAE}.Debug|Any CPU.ActiveCfg = Debug|Any CPU
		{97D4B0F2-3DB6-40AC-868C-D277E7AB9BAE}.Debug|Any CPU.Build.0 = Debug|Any CPU
		{97D4B0F2-3DB6-40AC-868C-D277E7AB9BAE}.Release|Any CPU.ActiveCfg = Release|Any CPU
		{97D4B0F2-3DB6-40AC-868C-D277E7AB9BAE}.Release|Any CPU.Build.0 = Release|Any CPU
		{0391026E-80A6-412F-9F28-75404F3435F5}.Debug|Any CPU.ActiveCfg = Debug|Any CPU
		{0391026E-80A6-412F-9F28-75404F3435F5}.Debug|Any CPU.Build.0 = Debug|Any CPU
		{0391026E-80A6-412F-9F28-75404F3435F5}.Release|Any CPU.ActiveCfg = Release|Any CPU
		{0391026E-80A6-412F-9F28-75404F3435F5}.Release|Any CPU.Build.0 = Release|Any CPU
	EndGlobalSection
	GlobalSection(SolutionProperties) = preSolution
		HideSolutionNode = FALSE
	EndGlobalSection
	GlobalSection(ExtensibilityGlobals) = postSolution
		SolutionGuid = {D8721922-220C-44E2-839E-878B3177BB3E}
	EndGlobalSection
EndGlobal
